
Microsoft Visual Studio Solution File, Format Version 12.00
# Visual Studio Version 17
VisualStudioVersion = 17.0.31919.166
MinimumVisualStudioVersion = 10.0.40219.1
Project("{FAE04EC0-301F-11D3-BF4B-00C04F79EFBC}") = "MinimalApiDemo", "MinimalApiDemo\MinimalApiDemo.csproj", "{D18BFCA9-A5F3-464F-A0A5-74B3FF75D180}"
EndProject
Global
	GlobalSection(SolutionConfigurationPlatforms) = preSolution
		Debug|Any CPU = Debug|Any CPU
		Release|Any CPU = Release|Any CPU
	EndGlobalSection
	GlobalSection(ProjectConfigurationPlatforms) = postSolution
		{D18BFCA9-A5F3-464F-A0A5-74B3FF75D180}.Debug|Any CPU.ActiveCfg = Debug|Any CPU
		{D18BFCA9-A5F3-464F-A0A5-74B3FF75D180}.Debug|Any CPU.Build.0 = Debug|Any CPU
		{D18BFCA9-A5F3-464F-A0A5-74B3FF75D180}.Release|Any CPU.ActiveCfg = Release|Any CPU
		{D18BFCA9-A5F3-464F-A0A5-74B3FF75D180}.Release|Any CPU.Build.0 = Release|Any CPU
	EndGlobalSection
	GlobalSection(SolutionProperties) = preSolution
		HideSolutionNode = FALSE
	EndGlobalSection
	GlobalSection(ExtensibilityGlobals) = postSolution
		SolutionGuid = {8CF847F2-D622-42F3-9B34-E2245F11FE5E}
	EndGlobalSection
EndGlobal
